
Microsoft Visual Studio Solution File, Format Version 12.00
# Visual Studio 15
Project("{FAE04EC0-301F-11D3-BF4B-00C04F79EFBC}") = "Assembly-CSharp", "Assembly-CSharp.csproj", "{E856FA43-81C4-6733-2DC5-77EB6BBA5A46}"
EndProject
Project("{FAE04EC0-301F-11D3-BF4B-00C04F79EFBC}") = "Oculus.VR", "Oculus.VR.csproj", "{C9DACF4C-88DC-AF9B-5BF8-F904AFFD9122}"
EndProject
Project("{FAE04EC0-301F-11D3-BF4B-00C04F79EFBC}") = "Assembly-CSharp-Editor", "Assembly-CSharp-Editor.csproj", "{8327FB83-B037-F27A-4980-B454C9F2541C}"
EndProject
Project("{FAE04EC0-301F-11D3-BF4B-00C04F79EFBC}") = "Oculus.VR.Scripts.Editor", "Oculus.VR.Scripts.Editor.csproj", "{BA7C6652-6AB3-3E62-864C-D6DDF1416FA1}"
EndProject
Project("{FAE04EC0-301F-11D3-BF4B-00C04F79EFBC}") = "Oculus.VR.Editor", "Oculus.VR.Editor.csproj", "{3F9D04D9-A233-31B1-FFF1-F8D44F241251}"
EndProject
Global
	GlobalSection(SolutionConfigurationPlatforms) = preSolution
		Debug|Any CPU = Debug|Any CPU
		Release|Any CPU = Release|Any CPU
	EndGlobalSection
	GlobalSection(ProjectConfigurationPlatforms) = postSolution
		{E856FA43-81C4-6733-2DC5-77EB6BBA5A46}.Debug|Any CPU.ActiveCfg = Debug|Any CPU
		{E856FA43-81C4-6733-2DC5-77EB6BBA5A46}.Debug|Any CPU.Build.0 = Debug|Any CPU
		{E856FA43-81C4-6733-2DC5-77EB6BBA5A46}.Release|Any CPU.ActiveCfg = Release|Any CPU
		{E856FA43-81C4-6733-2DC5-77EB6BBA5A46}.Release|Any CPU.Build.0 = Release|Any CPU
		{C9DACF4C-88DC-AF9B-5BF8-F904AFFD9122}.Debug|Any CPU.ActiveCfg = Debug|Any CPU
		{C9DACF4C-88DC-AF9B-5BF8-F904AFFD9122}.Debug|Any CPU.Build.0 = Debug|Any CPU
		{C9DACF4C-88DC-AF9B-5BF8-F904AFFD9122}.Release|Any CPU.ActiveCfg = Release|Any CPU
		{C9DACF4C-88DC-AF9B-5BF8-F904AFFD9122}.Release|Any CPU.Build.0 = Release|Any CPU
		{8327FB83-B037-F27A-4980-B454C9F2541C}.Debug|Any CPU.ActiveCfg = Debug|Any CPU
		{8327FB83-B037-F27A-4980-B454C9F2541C}.Debug|Any CPU.Build.0 = Debug|Any CPU
		{8327FB83-B037-F27A-4980-B454C9F2541C}.Release|Any CPU.ActiveCfg = Release|Any CPU
		{8327FB83-B037-F27A-4980-B454C9F2541C}.Release|Any CPU.Build.0 = Release|Any CPU
		{BA7C6652-6AB3-3E62-864C-D6DDF1416FA1}.Debug|Any CPU.ActiveCfg = Debug|Any CPU
		{BA7C6652-6AB3-3E62-864C-D6DDF1416FA1}.Debug|Any CPU.Build.0 = Debug|Any CPU
		{BA7C6652-6AB3-3E62-864C-D6DDF1416FA1}.Release|Any CPU.ActiveCfg = Release|Any CPU
		{BA7C6652-6AB3-3E62-864C-D6DDF1416FA1}.Release|Any CPU.Build.0 = Release|Any CPU
		{3F9D04D9-A233-31B1-FFF1-F8D44F241251}.Debug|Any CPU.ActiveCfg = Debug|Any CPU
		{3F9D04D9-A233-31B1-FFF1-F8D44F241251}.Debug|Any CPU.Build.0 = Debug|Any CPU
		{3F9D04D9-A233-31B1-FFF1-F8D44F241251}.Release|Any CPU.ActiveCfg = Release|Any CPU
		{3F9D04D9-A233-31B1-FFF1-F8D44F241251}.Release|Any CPU.Build.0 = Release|Any CPU
	EndGlobalSection
	GlobalSection(SolutionProperties) = preSolution
		HideSolutionNode = FALSE
	EndGlobalSection
EndGlobal
